
Microsoft Visual Studio Solution File, Format Version 12.00
# Visual Studio 15
VisualStudioVersion = 15.0.26829.1
MinimumVisualStudioVersion = 10.0.40219.1
Project("{FAE04EC0-301F-11D3-BF4B-00C04F79EFBC}") = "WebApplication1", "WebApplication1\WebApplication1.csproj", "{4577DE8C-FB0F-4E51-8477-423C2FE13EE5}"
EndProject
Project("{E53339B2-1760-4266-BCC7-CA923CBCF16C}") = "docker-compose", "docker-compose.dcproj", "{5B4D751C-1FFF-45CB-9136-55665A474637}"
EndProject
Global
	GlobalSection(SolutionConfigurationPlatforms) = preSolution
		Debug|Any CPU = Debug|Any CPU
		Release|Any CPU = Release|Any CPU
	EndGlobalSection
	GlobalSection(ProjectConfigurationPlatforms) = postSolution
		{4577DE8C-FB0F-4E51-8477-423C2FE13EE5}.Debug|Any CPU.ActiveCfg = Debug|Any CPU
		{4577DE8C-FB0F-4E51-8477-423C2FE13EE5}.Debug|Any CPU.Build.0 = Debug|Any CPU
		{4577DE8C-FB0F-4E51-8477-423C2FE13EE5}.Release|Any CPU.ActiveCfg = Release|Any CPU
		{4577DE8C-FB0F-4E51-8477-423C2FE13EE5}.Release|Any CPU.Build.0 = Release|Any CPU
		{5B4D751C-1FFF-45CB-9136-55665A474637}.Debug|Any CPU.ActiveCfg = Debug|Any CPU
		{5B4D751C-1FFF-45CB-9136-55665A474637}.Debug|Any CPU.Build.0 = Debug|Any CPU
		{5B4D751C-1FFF-45CB-9136-55665A474637}.Release|Any CPU.ActiveCfg = Release|Any CPU
		{5B4D751C-1FFF-45CB-9136-55665A474637}.Release|Any CPU.Build.0 = Release|Any CPU
	EndGlobalSection
	GlobalSection(SolutionProperties) = preSolution
		HideSolutionNode = FALSE
	EndGlobalSection
	GlobalSection(ExtensibilityGlobals) = postSolution
		SolutionGuid = {5CA808BC-95CE-4A3A-948B-8B735B43BE0B}
	EndGlobalSection
EndGlobal
